
Microsoft Visual Studio Solution File, Format Version 12.00
# Visual Studio Version 16
VisualStudioVersion = 16.0.31410.357
MinimumVisualStudioVersion = 10.0.40219.1
Project("{FAE04EC0-301F-11D3-BF4B-00C04F79EFBC}") = "Brokenegg.MateSQL", "Brokenegg.MateSQL\Brokenegg.MateSQL.csproj", "{1D1D91E0-290D-4AA9-9A34-DCD25C60BFFF}"
EndProject
Project("{FAE04EC0-301F-11D3-BF4B-00C04F79EFBC}") = "Brokenegg.MateSQL.Test", "Brokenegg.MateSQL.Test\Brokenegg.MateSQL.Test.csproj", "{819C85B2-3716-49B7-98FF-A5250C7CBE52}"
EndProject
Global
	GlobalSection(SolutionConfigurationPlatforms) = preSolution
		Debug|Any CPU = Debug|Any CPU
		Release|Any CPU = Release|Any CPU
	EndGlobalSection
	GlobalSection(ProjectConfigurationPlatforms) = postSolution
		{1D1D91E0-290D-4AA9-9A34-DCD25C60BFFF}.Debug|Any CPU.ActiveCfg = Debug|Any CPU
		{1D1D91E0-290D-4AA9-9A34-DCD25C60BFFF}.Debug|Any CPU.Build.0 = Debug|Any CPU
		{1D1D91E0-290D-4AA9-9A34-DCD25C60BFFF}.Release|Any CPU.ActiveCfg = Release|Any CPU
		{1D1D91E0-290D-4AA9-9A34-DCD25C60BFFF}.Release|Any CPU.Build.0 = Release|Any CPU
		{819C85B2-3716-49B7-98FF-A5250C7CBE52}.Debug|Any CPU.ActiveCfg = Debug|Any CPU
		{819C85B2-3716-49B7-98FF-A5250C7CBE52}.Debug|Any CPU.Build.0 = Debug|Any CPU
		{819C85B2-3716-49B7-98FF-A5250C7CBE52}.Release|Any CPU.ActiveCfg = Release|Any CPU
		{819C85B2-3716-49B7-98FF-A5250C7CBE52}.Release|Any CPU.Build.0 = Release|Any CPU
	EndGlobalSection
	GlobalSection(SolutionProperties) = preSolution
		HideSolutionNode = FALSE
	EndGlobalSection
	GlobalSection(ExtensibilityGlobals) = postSolution
		SolutionGuid = {1083A9F7-3BFE-4584-9269-B88B8F709192}
	EndGlobalSection
EndGlobal
